
Microsoft Visual Studio Solution File, Format Version 12.00
# Visual Studio Version 17
VisualStudioVersion = 17.0.31903.59
MinimumVisualStudioVersion = 10.0.40219.1
Project("{2150E333-8FDC-42A3-9474-1A3956D46DE8}") = "src", "src", "{827E0CD3-B72D-47B6-A68D-7590B98EB39B}"
EndProject
Project("{FAE04EC0-301F-11D3-BF4B-00C04F79EFBC}") = "MindVault.Core", "src\MindVault.Core\MindVault.Core.csproj", "{9C7D02CD-9978-47D3-B176-27A21EE98A07}"
EndProject
Project("{FAE04EC0-301F-11D3-BF4B-00C04F79EFBC}") = "MindVault.Cli", "src\MindVault.Cli\MindVault.Cli.csproj", "{C389550D-8E57-470D-9E38-F3E73A0EE281}"
EndProject
Project("{FAE04EC0-301F-11D3-BF4B-00C04F79EFBC}") = "MindVault.Mcp", "src\MindVault.Mcp\MindVault.Mcp.csproj", "{52787C41-B94B-4651-B677-72603AFF35B5}"
EndProject
Project("{2150E333-8FDC-42A3-9474-1A3956D46DE8}") = "tests", "tests", "{0AB3BF05-4346-4AA6-1389-037BE0695223}"
EndProject
Project("{FAE04EC0-301F-11D3-BF4B-00C04F79EFBC}") = "MindVault.Tests", "tests\MindVault.Tests\MindVault.Tests.csproj", "{6677C135-4027-4C80-9A3A-AF5F5BD298A1}"
EndProject
Project("{2150E333-8FDC-42A3-9474-1A3956D46DE8}") = "tools", "tools", "{07C2787E-EAC7-C090-1BA3-A61EC2A24D84}"
EndProject
Project("{2150E333-8FDC-42A3-9474-1A3956D46DE8}") = "benchmarks", "benchmarks", "{40526033-4554-0EB1-82EC-3505E594C264}"
EndProject
Project("{FAE04EC0-301F-11D3-BF4B-00C04F79EFBC}") = "MindVault.Benchmarks", "tools\benchmarks\MindVault.Benchmarks.csproj", "{693186E1-1613-4E16-B43C-501B75D58933}"
EndProject
Global
	GlobalSection(SolutionConfigurationPlatforms) = preSolution
		Debug|Any CPU = Debug|Any CPU
		Debug|x64 = Debug|x64
		Debug|x86 = Debug|x86
		Release|Any CPU = Release|Any CPU
		Release|x64 = Release|x64
		Release|x86 = Release|x86
	EndGlobalSection
	GlobalSection(ProjectConfigurationPlatforms) = postSolution
		{9C7D02CD-9978-47D3-B176-27A21EE98A07}.Debug|Any CPU.ActiveCfg = Debug|Any CPU
		{9C7D02CD-9978-47D3-B176-27A21EE98A07}.Debug|Any CPU.Build.0 = Debug|Any CPU
		{9C7D02CD-9978-47D3-B176-27A21EE98A07}.Debug|x64.ActiveCfg = Debug|Any CPU
		{9C7D02CD-9978-47D3-B176-27A21EE98A07}.Debug|x64.Build.0 = Debug|Any CPU
		{9C7D02CD-9978-47D3-B176-27A21EE98A07}.Debug|x86.ActiveCfg = Debug|Any CPU
		{9C7D02CD-9978-47D3-B176-27A21EE98A07}.Debug|x86.Build.0 = Debug|Any CPU
		{9C7D02CD-9978-47D3-B176-27A21EE98A07}.Release|Any CPU.ActiveCfg = Release|Any CPU
		{9C7D02CD-9978-47D3-B176-27A21EE98A07}.Release|Any CPU.Build.0 = Release|Any CPU
		{9C7D02CD-9978-47D3-B176-27A21EE98A07}.Release|x64.ActiveCfg = Release|Any CPU
		{9C7D02CD-9978-47D3-B176-27A21EE98A07}.Release|x64.Build.0 = Release|Any CPU
		{9C7D02CD-9978-47D3-B176-27A21EE98A07}.Release|x86.ActiveCfg = Release|Any CPU
		{9C7D02CD-9978-47D3-B176-27A21EE98A07}.Release|x86.Build.0 = Release|Any CPU
		{C389550D-8E57-470D-9E38-F3E73A0EE281}.Debug|Any CPU.ActiveCfg = Debug|Any CPU
		{C389550D-8E57-470D-9E38-F3E73A0EE281}.Debug|Any CPU.Build.0 = Debug|Any CPU
		{C389550D-8E57-470D-9E38-F3E73A0EE281}.Debug|x64.ActiveCfg = Debug|Any CPU
		{C389550D-8E57-470D-9E38-F3E73A0EE281}.Debug|x64.Build.0 = Debug|Any CPU
		{C389550D-8E57-470D-9E38-F3E73A0EE281}.Debug|x86.ActiveCfg = Debug|Any CPU
		{C389550D-8E57-470D-9E38-F3E73A0EE281}.Debug|x86.Build.0 = Debug|Any CPU
		{C389550D-8E57-470D-9E38-F3E73A0EE281}.Release|Any CPU.ActiveCfg = Release|Any CPU
		{C389550D-8E57-470D-9E38-F3E73A0EE281}.Release|Any CPU.Build.0 = Release|Any CPU
		{C389550D-8E57-470D-9E38-F3E73A0EE281}.Release|x64.ActiveCfg = Release|Any CPU
		{C389550D-8E57-470D-9E38-F3E73A0EE281}.Release|x64.Build.0 = Release|Any CPU
		{C389550D-8E57-470D-9E38-F3E73A0EE281}.Release|x86.ActiveCfg = Release|Any CPU
		{C389550D-8E57-470D-9E38-F3E73A0EE281}.Release|x86.Build.0 = Release|Any CPU
		{52787C41-B94B-4651-B677-72603AFF35B5}.Debug|Any CPU.ActiveCfg = Debug|Any CPU
		{52787C41-B94B-4651-B677-72603AFF35B5}.Debug|Any CPU.Build.0 = Debug|Any CPU
		{52787C41-B94B-4651-B677-72603AFF35B5}.Debug|x64.ActiveCfg = Debug|Any CPU
		{52787C41-B94B-4651-B677-72603AFF35B5}.Debug|x64.Build.0 = Debug|Any CPU
		{52787C41-B94B-4651-B677-72603AFF35B5}.Debug|x86.ActiveCfg = Debug|Any CPU
		{52787C41-B94B-4651-B677-72603AFF35B5}.Debug|x86.Build.0 = Debug|Any CPU
		{52787C41-B94B-4651-B677-72603AFF35B5}.Release|Any CPU.ActiveCfg = Release|Any CPU
		{52787C41-B94B-4651-B677-72603AFF35B5}.Release|Any CPU.Build.0 = Release|Any CPU
		{52787C41-B94B-4651-B677-72603AFF35B5}.Release|x64.ActiveCfg = Release|Any CPU
		{52787C41-B94B-4651-B677-72603AFF35B5}.Release|x64.Build.0 = Release|Any CPU
		{52787C41-B94B-4651-B677-72603AFF35B5}.Release|x86.ActiveCfg = Release|Any CPU
		{52787C41-B94B-4651-B677-72603AFF35B5}.Release|x86.Build.0 = Release|Any CPU
		{6677C135-4027-4C80-9A3A-AF5F5BD298A1}.Debug|Any CPU.ActiveCfg = Debug|Any CPU
		{6677C135-4027-4C80-9A3A-AF5F5BD298A1}.Debug|Any CPU.Build.0 = Debug|Any CPU
		{6677C135-4027-4C80-9A3A-AF5F5BD298A1}.Debug|x64.ActiveCfg = Debug|Any CPU
		{6677C135-4027-4C80-9A3A-AF5F5BD298A1}.Debug|x64.Build.0 = Debug|Any CPU
		{6677C135-4027-4C80-9A3A-AF5F5BD298A1}.Debug|x86.ActiveCfg = Debug|Any CPU
		{6677C135-4027-4C80-9A3A-AF5F5BD298A1}.Debug|x86.Build.0 = Debug|Any CPU
		{6677C135-4027-4C80-9A3A-AF5F5BD298A1}.Release|Any CPU.ActiveCfg = Release|Any CPU
		{6677C135-4027-4C80-9A3A-AF5F5BD298A1}.Release|Any CPU.Build.0 = Release|Any CPU
		{6677C135-4027-4C80-9A3A-AF5F5BD298A1}.Release|x64.ActiveCfg = Release|Any CPU
		{6677C135-4027-4C80-9A3A-AF5F5BD298A1}.Release|x64.Build.0 = Release|Any CPU
		{6677C135-4027-4C80-9A3A-AF5F5BD298A1}.Release|x86.ActiveCfg = Release|Any CPU
		{6677C135-4027-4C80-9A3A-AF5F5BD298A1}.Release|x86.Build.0 = Release|Any CPU
		{693186E1-1613-4E16-B43C-501B75D58933}.Debug|Any CPU.ActiveCfg = Debug|Any CPU
		{693186E1-1613-4E16-B43C-501B75D58933}.Debug|Any CPU.Build.0 = Debug|Any CPU
		{693186E1-1613-4E16-B43C-501B75D58933}.Debug|x64.ActiveCfg = Debug|Any CPU
		{693186E1-1613-4E16-B43C-501B75D58933}.Debug|x64.Build.0 = Debug|Any CPU
		{693186E1-1613-4E16-B43C-501B75D58933}.Debug|x86.ActiveCfg = Debug|Any CPU
		{693186E1-1613-4E16-B43C-501B75D58933}.Debug|x86.Build.0 = Debug|Any CPU
		{693186E1-1613-4E16-B43C-501B75D58933}.Release|Any CPU.ActiveCfg = Release|Any CPU
		{693186E1-1613-4E16-B43C-501B75D58933}.Release|Any CPU.Build.0 = Release|Any CPU
		{693186E1-1613-4E16-B43C-501B75D58933}.Release|x64.ActiveCfg = Release|Any CPU
		{693186E1-1613-4E16-B43C-501B75D58933}.Release|x64.Build.0 = Release|Any CPU
		{693186E1-1613-4E16-B43C-501B75D58933}.Release|x86.ActiveCfg = Release|Any CPU
		{693186E1-1613-4E16-B43C-501B75D58933}.Release|x86.Build.0 = Release|Any CPU
	EndGlobalSection
	GlobalSection(SolutionProperties) = preSolution
		HideSolutionNode = FALSE
	EndGlobalSection
	GlobalSection(NestedProjects) = preSolution
		{9C7D02CD-9978-47D3-B176-27A21EE98A07} = {827E0CD3-B72D-47B6-A68D-7590B98EB39B}
		{C389550D-8E57-470D-9E38-F3E73A0EE281} = {827E0CD3-B72D-47B6-A68D-7590B98EB39B}
		{52787C41-B94B-4651-B677-72603AFF35B5} = {827E0CD3-B72D-47B6-A68D-7590B98EB39B}
		{6677C135-4027-4C80-9A3A-AF5F5BD298A1} = {0AB3BF05-4346-4AA6-1389-037BE0695223}
		{40526033-4554-0EB1-82EC-3505E594C264} = {07C2787E-EAC7-C090-1BA3-A61EC2A24D84}
		{693186E1-1613-4E16-B43C-501B75D58933} = {40526033-4554-0EB1-82EC-3505E594C264}
	EndGlobalSection
EndGlobal
